// !$*UTF8*$!
{
	archiveVersion = 1;
	classes = {
	};
	objectVersion = 56;
	objects = {

/* Begin PBXBuildFile section */
		FA061B782A01373F00814B24 /* UIBlockingProgressHUD.swift in Sources */ = {isa = PBXBuildFile; fileRef = FA061B772A01373F00814B24 /* UIBlockingProgressHUD.swift */; };
		FA1260572A13F3B1003CA985 /* ImagesListService.swift in Sources */ = {isa = PBXBuildFile; fileRef = FA1260562A13F3B1003CA985 /* ImagesListService.swift */; };
		FA13AE272A3238B100A00391 /* WebViewTests.swift in Sources */ = {isa = PBXBuildFile; fileRef = FA13AE262A3238B100A00391 /* WebViewTests.swift */; };
		FA13AE2E2A3238D900A00391 /* WebViewControllerSpy.swift in Sources */ = {isa = PBXBuildFile; fileRef = FA13AE2D2A3238D900A00391 /* WebViewControllerSpy.swift */; };
		FA13AE302A3238FD00A00391 /* WebViewPresenterSpy.swift in Sources */ = {isa = PBXBuildFile; fileRef = FA13AE2F2A3238FD00A00391 /* WebViewPresenterSpy.swift */; };
		FA13AE332A323B2700A00391 /* ProfilePresenter.swift in Sources */ = {isa = PBXBuildFile; fileRef = FA13AE322A323B2700A00391 /* ProfilePresenter.swift */; };
		FA13AE352A323EEB00A00391 /* ImageListPresenter.swift in Sources */ = {isa = PBXBuildFile; fileRef = FA13AE342A323EEB00A00391 /* ImageListPresenter.swift */; };
		FA1EB74529EF066B0094DDD3 /* AuthViewController.swift in Sources */ = {isa = PBXBuildFile; fileRef = FA1EB74429EF066B0094DDD3 /* AuthViewController.swift */; };
		FA1EB74829EF0AF00094DDD3 /* WebViewViewController.swift in Sources */ = {isa = PBXBuildFile; fileRef = FA1EB74729EF0AF00094DDD3 /* WebViewViewController.swift */; };
		FA2CDB3E29C382E400A5B937 /* AppDelegate.swift in Sources */ = {isa = PBXBuildFile; fileRef = FA2CDB3D29C382E400A5B937 /* AppDelegate.swift */; };
		FA2CDB4029C382E400A5B937 /* SceneDelegate.swift in Sources */ = {isa = PBXBuildFile; fileRef = FA2CDB3F29C382E400A5B937 /* SceneDelegate.swift */; };
		FA2CDB4229C382E400A5B937 /* ImagesListViewController.swift in Sources */ = {isa = PBXBuildFile; fileRef = FA2CDB4129C382E400A5B937 /* ImagesListViewController.swift */; };
		FA2CDB4529C382E400A5B937 /* Main.storyboard in Resources */ = {isa = PBXBuildFile; fileRef = FA2CDB4329C382E400A5B937 /* Main.storyboard */; };
		FA2CDB4729C382E500A5B937 /* Assets.xcassets in Resources */ = {isa = PBXBuildFile; fileRef = FA2CDB4629C382E500A5B937 /* Assets.xcassets */; };
		FA2CDB4A29C382E500A5B937 /* LaunchScreen.storyboard in Resources */ = {isa = PBXBuildFile; fileRef = FA2CDB4829C382E500A5B937 /* LaunchScreen.storyboard */; };
		FA3079B229CA04E900637BE5 /* ImagesListCell.swift in Sources */ = {isa = PBXBuildFile; fileRef = FA3079B129CA04E900637BE5 /* ImagesListCell.swift */; };
		FA39CC852A0509B300D69083 /* ProfileService.swift in Sources */ = {isa = PBXBuildFile; fileRef = FA39CC842A0509B300D69083 /* ProfileService.swift */; };
		FA39CC872A05184200D69083 /* URLSession.swift in Sources */ = {isa = PBXBuildFile; fileRef = FA39CC862A05184200D69083 /* URLSession.swift */; };
		FA49834A2A065DC60063A9A2 /* ProfileImageService.swift in Sources */ = {isa = PBXBuildFile; fileRef = FA4983492A065DC60063A9A2 /* ProfileImageService.swift */; };
		FA63ADA92A07C1C400F26F0A /* Kingfisher in Frameworks */ = {isa = PBXBuildFile; productRef = FA63ADA82A07C1C400F26F0A /* Kingfisher */; };
		FA63ADAC2A07CA0B00F26F0A /* SwiftKeychainWrapper in Frameworks */ = {isa = PBXBuildFile; productRef = FA63ADAB2A07CA0B00F26F0A /* SwiftKeychainWrapper */; };
		FA6CF8E02A2E2B6F003432C9 /* WebViewPresenter.swift in Sources */ = {isa = PBXBuildFile; fileRef = FA6CF8DF2A2E2B6F003432C9 /* WebViewPresenter.swift */; };
		FA6CF8E22A2E37B9003432C9 /* AuthHelper.swift in Sources */ = {isa = PBXBuildFile; fileRef = FA6CF8E12A2E37B9003432C9 /* AuthHelper.swift */; };
		FA79895329F980B60045D700 /* SplashViewController.swift in Sources */ = {isa = PBXBuildFile; fileRef = FA79895229F980B60045D700 /* SplashViewController.swift */; };
		FAB022632A0BEC870092D294 /* TabBarController.swift in Sources */ = {isa = PBXBuildFile; fileRef = FAB022622A0BEC870092D294 /* TabBarController.swift */; };
		FAC53E1229DB2BF30049B435 /* ProfileViewController.swift in Sources */ = {isa = PBXBuildFile; fileRef = FAC53E1129DB2BF30049B435 /* ProfileViewController.swift */; };
		FAC53E1429DB35720049B435 /* SingleImageViewController.swift in Sources */ = {isa = PBXBuildFile; fileRef = FAC53E1329DB35720049B435 /* SingleImageViewController.swift */; };
		FAD3F2312A000DD000697DCB /* ProgressHUD in Frameworks */ = {isa = PBXBuildFile; productRef = FAD3F2302A000DD000697DCB /* ProgressHUD */; };
		FAD87ABB2A128C2D003DEF7D /* AlertPresenter.swift in Sources */ = {isa = PBXBuildFile; fileRef = FAD87ABA2A128C2D003DEF7D /* AlertPresenter.swift */; };
		FAD87ABD2A128CE6003DEF7D /* AlertModel.swift in Sources */ = {isa = PBXBuildFile; fileRef = FAD87ABC2A128CE6003DEF7D /* AlertModel.swift */; };
		FADA5A5729F6F2280070FBEC /* OAuthTokenResponseBody.swift in Sources */ = {isa = PBXBuildFile; fileRef = FADA5A5629F6F2280070FBEC /* OAuthTokenResponseBody.swift */; };
		FADA5A5929F6F3DE0070FBEC /* OAuth2Service.swift in Sources */ = {isa = PBXBuildFile; fileRef = FADA5A5829F6F3DE0070FBEC /* OAuth2Service.swift */; };
		FADA5A5B29F6F4F80070FBEC /* OAuth2TokenStorage.swift in Sources */ = {isa = PBXBuildFile; fileRef = FADA5A5A29F6F4F80070FBEC /* OAuth2TokenStorage.swift */; };
		FAE4587629EDA1CC00BC9304 /* AuthConfuguration.swift in Sources */ = {isa = PBXBuildFile; fileRef = FAE4587529EDA1CC00BC9304 /* AuthConfuguration.swift */; };
		FAEB1D3429E5C668002CCF10 /* UIExtension + Color.swift in Sources */ = {isa = PBXBuildFile; fileRef = FAEB1D3329E5C668002CCF10 /* UIExtension + Color.swift */; };
/* End PBXBuildFile section */

/* Begin PBXContainerItemProxy section */
		FA13AE282A3238B100A00391 /* PBXContainerItemProxy */ = {
			isa = PBXContainerItemProxy;
			containerPortal = FA2CDB3229C382E400A5B937 /* Project object */;
			proxyType = 1;
			remoteGlobalIDString = FA2CDB3929C382E400A5B937;
			remoteInfo = ImageFeed;
		};
		FA80E42E2A32382E00C6561E /* PBXContainerItemProxy */ = {
			isa = PBXContainerItemProxy;
			containerPortal = FA2CDB3229C382E400A5B937 /* Project object */;
			proxyType = 1;
			remoteGlobalIDString = FA2CDB3929C382E400A5B937;
			remoteInfo = ImageFeed;
		};
/* End PBXContainerItemProxy section */

/* Begin PBXFileReference section */
		FA061B772A01373F00814B24 /* UIBlockingProgressHUD.swift */ = {isa = PBXFileReference; lastKnownFileType = sourcecode.swift; path = UIBlockingProgressHUD.swift; sourceTree = "<group>"; };
		FA1260562A13F3B1003CA985 /* ImagesListService.swift */ = {isa = PBXFileReference; lastKnownFileType = sourcecode.swift; path = ImagesListService.swift; sourceTree = "<group>"; };
		FA13AE242A3238B100A00391 /* ImageFeedTest.xctest */ = {isa = PBXFileReference; explicitFileType = wrapper.cfbundle; includeInIndex = 0; path = ImageFeedTest.xctest; sourceTree = BUILT_PRODUCTS_DIR; };
		FA13AE262A3238B100A00391 /* WebViewTests.swift */ = {isa = PBXFileReference; lastKnownFileType = sourcecode.swift; path = WebViewTests.swift; sourceTree = "<group>"; };
		FA13AE2D2A3238D900A00391 /* WebViewControllerSpy.swift */ = {isa = PBXFileReference; lastKnownFileType = sourcecode.swift; path = WebViewControllerSpy.swift; sourceTree = "<group>"; };
		FA13AE2F2A3238FD00A00391 /* WebViewPresenterSpy.swift */ = {isa = PBXFileReference; lastKnownFileType = sourcecode.swift; path = WebViewPresenterSpy.swift; sourceTree = "<group>"; };
		FA13AE322A323B2700A00391 /* ProfilePresenter.swift */ = {isa = PBXFileReference; lastKnownFileType = sourcecode.swift; path = ProfilePresenter.swift; sourceTree = "<group>"; };
		FA13AE342A323EEB00A00391 /* ImageListPresenter.swift */ = {isa = PBXFileReference; lastKnownFileType = sourcecode.swift; path = ImageListPresenter.swift; sourceTree = "<group>"; };
		FA1EB74429EF066B0094DDD3 /* AuthViewController.swift */ = {isa = PBXFileReference; lastKnownFileType = sourcecode.swift; path = AuthViewController.swift; sourceTree = "<group>"; };
		FA1EB74729EF0AF00094DDD3 /* WebViewViewController.swift */ = {isa = PBXFileReference; lastKnownFileType = sourcecode.swift; path = WebViewViewController.swift; sourceTree = "<group>"; };
		FA2CDB3A29C382E400A5B937 /* ImageFeed.app */ = {isa = PBXFileReference; explicitFileType = wrapper.application; includeInIndex = 0; path = ImageFeed.app; sourceTree = BUILT_PRODUCTS_DIR; };
		FA2CDB3D29C382E400A5B937 /* AppDelegate.swift */ = {isa = PBXFileReference; lastKnownFileType = sourcecode.swift; path = AppDelegate.swift; sourceTree = "<group>"; };
		FA2CDB3F29C382E400A5B937 /* SceneDelegate.swift */ = {isa = PBXFileReference; lastKnownFileType = sourcecode.swift; path = SceneDelegate.swift; sourceTree = "<group>"; };
		FA2CDB4129C382E400A5B937 /* ImagesListViewController.swift */ = {isa = PBXFileReference; lastKnownFileType = sourcecode.swift; path = ImagesListViewController.swift; sourceTree = "<group>"; };
		FA2CDB4429C382E400A5B937 /* Base */ = {isa = PBXFileReference; lastKnownFileType = file.storyboard; name = Base; path = Base.lproj/Main.storyboard; sourceTree = "<group>"; };
		FA2CDB4629C382E500A5B937 /* Assets.xcassets */ = {isa = PBXFileReference; lastKnownFileType = folder.assetcatalog; path = Assets.xcassets; sourceTree = "<group>"; };
		FA2CDB4929C382E500A5B937 /* Base */ = {isa = PBXFileReference; lastKnownFileType = file.storyboard; name = Base; path = Base.lproj/LaunchScreen.storyboard; sourceTree = "<group>"; };
		FA2CDB4B29C382E500A5B937 /* Info.plist */ = {isa = PBXFileReference; lastKnownFileType = text.plist.xml; path = Info.plist; sourceTree = "<group>"; };
		FA3079B129CA04E900637BE5 /* ImagesListCell.swift */ = {isa = PBXFileReference; lastKnownFileType = sourcecode.swift; path = ImagesListCell.swift; sourceTree = "<group>"; };
		FA39CC842A0509B300D69083 /* ProfileService.swift */ = {isa = PBXFileReference; lastKnownFileType = sourcecode.swift; path = ProfileService.swift; sourceTree = "<group>"; };
		FA39CC862A05184200D69083 /* URLSession.swift */ = {isa = PBXFileReference; lastKnownFileType = sourcecode.swift; path = URLSession.swift; sourceTree = "<group>"; };
		FA4983492A065DC60063A9A2 /* ProfileImageService.swift */ = {isa = PBXFileReference; lastKnownFileType = sourcecode.swift; path = ProfileImageService.swift; sourceTree = "<group>"; };
		FA6CF8DF2A2E2B6F003432C9 /* WebViewPresenter.swift */ = {isa = PBXFileReference; lastKnownFileType = sourcecode.swift; path = WebViewPresenter.swift; sourceTree = "<group>"; };
		FA6CF8E12A2E37B9003432C9 /* AuthHelper.swift */ = {isa = PBXFileReference; lastKnownFileType = sourcecode.swift; path = AuthHelper.swift; sourceTree = "<group>"; };
		FA79895229F980B60045D700 /* SplashViewController.swift */ = {isa = PBXFileReference; lastKnownFileType = sourcecode.swift; path = SplashViewController.swift; sourceTree = "<group>"; };
		FA80E42A2A32382E00C6561E /* ImageFeedTests.xctest */ = {isa = PBXFileReference; explicitFileType = wrapper.cfbundle; includeInIndex = 0; path = ImageFeedTests.xctest; sourceTree = BUILT_PRODUCTS_DIR; };
		FAB022622A0BEC870092D294 /* TabBarController.swift */ = {isa = PBXFileReference; lastKnownFileType = sourcecode.swift; path = TabBarController.swift; sourceTree = "<group>"; };
		FAC53E1129DB2BF30049B435 /* ProfileViewController.swift */ = {isa = PBXFileReference; lastKnownFileType = sourcecode.swift; path = ProfileViewController.swift; sourceTree = "<group>"; };
		FAC53E1329DB35720049B435 /* SingleImageViewController.swift */ = {isa = PBXFileReference; lastKnownFileType = sourcecode.swift; path = SingleImageViewController.swift; sourceTree = "<group>"; };
		FAD87ABA2A128C2D003DEF7D /* AlertPresenter.swift */ = {isa = PBXFileReference; lastKnownFileType = sourcecode.swift; path = AlertPresenter.swift; sourceTree = "<group>"; };
		FAD87ABC2A128CE6003DEF7D /* AlertModel.swift */ = {isa = PBXFileReference; lastKnownFileType = sourcecode.swift; path = AlertModel.swift; sourceTree = "<group>"; };
		FADA5A5629F6F2280070FBEC /* OAuthTokenResponseBody.swift */ = {isa = PBXFileReference; lastKnownFileType = sourcecode.swift; path = OAuthTokenResponseBody.swift; sourceTree = "<group>"; };
		FADA5A5829F6F3DE0070FBEC /* OAuth2Service.swift */ = {isa = PBXFileReference; lastKnownFileType = sourcecode.swift; path = OAuth2Service.swift; sourceTree = "<group>"; };
		FADA5A5A29F6F4F80070FBEC /* OAuth2TokenStorage.swift */ = {isa = PBXFileReference; lastKnownFileType = sourcecode.swift; path = OAuth2TokenStorage.swift; sourceTree = "<group>"; };
		FAE4587529EDA1CC00BC9304 /* AuthConfuguration.swift */ = {isa = PBXFileReference; lastKnownFileType = sourcecode.swift; path = AuthConfuguration.swift; sourceTree = "<group>"; };
		FAEB1D3329E5C668002CCF10 /* UIExtension + Color.swift */ = {isa = PBXFileReference; lastKnownFileType = sourcecode.swift; path = "UIExtension + Color.swift"; sourceTree = "<group>"; };
/* End PBXFileReference section */

/* Begin PBXFrameworksBuildPhase section */
		FA13AE212A3238B100A00391 /* Frameworks */ = {
			isa = PBXFrameworksBuildPhase;
			buildActionMask = 2147483647;
			files = (
			);
			runOnlyForDeploymentPostprocessing = 0;
		};
		FA2CDB3729C382E400A5B937 /* Frameworks */ = {
			isa = PBXFrameworksBuildPhase;
			buildActionMask = 2147483647;
			files = (
				FA63ADA92A07C1C400F26F0A /* Kingfisher in Frameworks */,
				FAD3F2312A000DD000697DCB /* ProgressHUD in Frameworks */,
				FA63ADAC2A07CA0B00F26F0A /* SwiftKeychainWrapper in Frameworks */,
			);
			runOnlyForDeploymentPostprocessing = 0;
		};
		FA80E4272A32382E00C6561E /* Frameworks */ = {
			isa = PBXFrameworksBuildPhase;
			buildActionMask = 2147483647;
			files = (
			);
			runOnlyForDeploymentPostprocessing = 0;
		};
/* End PBXFrameworksBuildPhase section */

/* Begin PBXGroup section */
		FA13AE252A3238B100A00391 /* ImageFeedTest */ = {
			isa = PBXGroup;
			children = (
				FA13AE262A3238B100A00391 /* WebViewTests.swift */,
				FA13AE2F2A3238FD00A00391 /* WebViewPresenterSpy.swift */,
				FA13AE2D2A3238D900A00391 /* WebViewControllerSpy.swift */,
			);
			path = ImageFeedTest;
			sourceTree = "<group>";
		};
		FA13AE312A3239D400A00391 /* WebView */ = {
			isa = PBXGroup;
			children = (
				FA1EB74729EF0AF00094DDD3 /* WebViewViewController.swift */,
				FA6CF8DF2A2E2B6F003432C9 /* WebViewPresenter.swift */,
			);
			path = WebView;
			sourceTree = "<group>";
		};
		FA1EB74629EF0A930094DDD3 /* Auth */ = {
			isa = PBXGroup;
			children = (
				FA1EB74429EF066B0094DDD3 /* AuthViewController.swift */,
				FADA5A5A29F6F4F80070FBEC /* OAuth2TokenStorage.swift */,
				FADA5A5829F6F3DE0070FBEC /* OAuth2Service.swift */,
			);
			path = Auth;
			sourceTree = "<group>";
		};
		FA2CDB3129C382E400A5B937 = {
			isa = PBXGroup;
			children = (
				FA2CDB3C29C382E400A5B937 /* ImageFeed */,
				FA13AE252A3238B100A00391 /* ImageFeedTest */,
				FA2CDB3B29C382E400A5B937 /* Products */,
			);
			sourceTree = "<group>";
		};
		FA2CDB3B29C382E400A5B937 /* Products */ = {
			isa = PBXGroup;
			children = (
				FA2CDB3A29C382E400A5B937 /* ImageFeed.app */,
				FA80E42A2A32382E00C6561E /* ImageFeedTests.xctest */,
				FA13AE242A3238B100A00391 /* ImageFeedTest.xctest */,
			);
			name = Products;
			sourceTree = "<group>";
		};
		FA2CDB3C29C382E400A5B937 /* ImageFeed */ = {
			isa = PBXGroup;
			children = (
				FA2CDB3D29C382E400A5B937 /* AppDelegate.swift */,
				FA2CDB3F29C382E400A5B937 /* SceneDelegate.swift */,
				FAB022622A0BEC870092D294 /* TabBarController.swift */,
				FADA5A5D29F700E70070FBEC /* Models */,
				FAC53E1529DB35870049B435 /* ViewControllers */,
				FADA5A5C29F7009C0070FBEC /* Helpers */,
				FA2CDB4329C382E400A5B937 /* Main.storyboard */,
				FA2CDB4629C382E500A5B937 /* Assets.xcassets */,
				FA2CDB4829C382E500A5B937 /* LaunchScreen.storyboard */,
				FA2CDB4B29C382E500A5B937 /* Info.plist */,
			);
			path = ImageFeed;
			sourceTree = "<group>";
		};
		FA3079B329CA051C00637BE5 /* ImagesList */ = {
			isa = PBXGroup;
			children = (
				FA2CDB4129C382E400A5B937 /* ImagesListViewController.swift */,
				FA13AE342A323EEB00A00391 /* ImageListPresenter.swift */,
				FA3079B129CA04E900637BE5 /* ImagesListCell.swift */,
				FA1260562A13F3B1003CA985 /* ImagesListService.swift */,
			);
			path = ImagesList;
			sourceTree = "<group>";
		};
		FAC53E1529DB35870049B435 /* ViewControllers */ = {
			isa = PBXGroup;
			children = (
				FAC53E1329DB35720049B435 /* SingleImageViewController.swift */,
				FA79895229F980B60045D700 /* SplashViewController.swift */,
				FA1EB74629EF0A930094DDD3 /* Auth */,
				FADA5A5E29F700FC0070FBEC /* Profile */,
				FA3079B329CA051C00637BE5 /* ImagesList */,
				FA13AE312A3239D400A00391 /* WebView */,
			);
			path = ViewControllers;
			sourceTree = "<group>";
		};
		FADA5A5C29F7009C0070FBEC /* Helpers */ = {
			isa = PBXGroup;
			children = (
				FAE4587529EDA1CC00BC9304 /* AuthConfuguration.swift */,
				FA6CF8E12A2E37B9003432C9 /* AuthHelper.swift */,
				FAEB1D3329E5C668002CCF10 /* UIExtension + Color.swift */,
				FA061B772A01373F00814B24 /* UIBlockingProgressHUD.swift */,
				FA39CC862A05184200D69083 /* URLSession.swift */,
				FAD87ABA2A128C2D003DEF7D /* AlertPresenter.swift */,
			);
			path = Helpers;
			sourceTree = "<group>";
		};
		FADA5A5D29F700E70070FBEC /* Models */ = {
			isa = PBXGroup;
			children = (
				FADA5A5629F6F2280070FBEC /* OAuthTokenResponseBody.swift */,
				FAD87ABC2A128CE6003DEF7D /* AlertModel.swift */,
			);
			path = Models;
			sourceTree = "<group>";
		};
		FADA5A5E29F700FC0070FBEC /* Profile */ = {
			isa = PBXGroup;
			children = (
				FA39CC842A0509B300D69083 /* ProfileService.swift */,
				FAC53E1129DB2BF30049B435 /* ProfileViewController.swift */,
				FA13AE322A323B2700A00391 /* ProfilePresenter.swift */,
				FA4983492A065DC60063A9A2 /* ProfileImageService.swift */,
			);
			path = Profile;
			sourceTree = "<group>";
		};
/* End PBXGroup section */

/* Begin PBXNativeTarget section */
		FA13AE232A3238B100A00391 /* ImageFeedTest */ = {
			isa = PBXNativeTarget;
			buildConfigurationList = FA13AE2C2A3238B100A00391 /* Build configuration list for PBXNativeTarget "ImageFeedTest" */;
			buildPhases = (
				FA13AE202A3238B100A00391 /* Sources */,
				FA13AE212A3238B100A00391 /* Frameworks */,
				FA13AE222A3238B100A00391 /* Resources */,
			);
			buildRules = (
			);
			dependencies = (
				FA13AE292A3238B100A00391 /* PBXTargetDependency */,
			);
			name = ImageFeedTest;
			productName = ImageFeedTest;
			productReference = FA13AE242A3238B100A00391 /* ImageFeedTest.xctest */;
			productType = "com.apple.product-type.bundle.unit-test";
		};
		FA2CDB3929C382E400A5B937 /* ImageFeed */ = {
			isa = PBXNativeTarget;
			buildConfigurationList = FA2CDB4E29C382E500A5B937 /* Build configuration list for PBXNativeTarget "ImageFeed" */;
			buildPhases = (
				FA2CDB3629C382E400A5B937 /* Sources */,
				FA2CDB3729C382E400A5B937 /* Frameworks */,
				FA2CDB3829C382E400A5B937 /* Resources */,
			);
			buildRules = (
			);
			dependencies = (
			);
			name = ImageFeed;
			packageProductDependencies = (
				FAD3F2302A000DD000697DCB /* ProgressHUD */,
				FA63ADA82A07C1C400F26F0A /* Kingfisher */,
				FA63ADAB2A07CA0B00F26F0A /* SwiftKeychainWrapper */,
			);
			productName = ImageFeed;
			productReference = FA2CDB3A29C382E400A5B937 /* ImageFeed.app */;
			productType = "com.apple.product-type.application";
		};
		FA80E4292A32382E00C6561E /* ImageFeedTests */ = {
			isa = PBXNativeTarget;
			buildConfigurationList = FA80E4322A32382E00C6561E /* Build configuration list for PBXNativeTarget "ImageFeedTests" */;
			buildPhases = (
				FA80E4262A32382E00C6561E /* Sources */,
				FA80E4272A32382E00C6561E /* Frameworks */,
				FA80E4282A32382E00C6561E /* Resources */,
			);
			buildRules = (
			);
			dependencies = (
				FA80E42F2A32382E00C6561E /* PBXTargetDependency */,
			);
			name = ImageFeedTests;
			productName = ImageFeedTests;
			productReference = FA80E42A2A32382E00C6561E /* ImageFeedTests.xctest */;
			productType = "com.apple.product-type.bundle.unit-test";
		};
/* End PBXNativeTarget section */

/* Begin PBXProject section */
		FA2CDB3229C382E400A5B937 /* Project object */ = {
			isa = PBXProject;
			attributes = {
				BuildIndependentTargetsInParallel = 1;
				LastSwiftUpdateCheck = 1430;
				LastUpgradeCheck = 1420;
				TargetAttributes = {
					FA13AE232A3238B100A00391 = {
						CreatedOnToolsVersion = 14.3;
						TestTargetID = FA2CDB3929C382E400A5B937;
					};
					FA2CDB3929C382E400A5B937 = {
						CreatedOnToolsVersion = 14.2;
					};
					FA80E4292A32382E00C6561E = {
						CreatedOnToolsVersion = 14.3;
						TestTargetID = FA2CDB3929C382E400A5B937;
					};
				};
			};
			buildConfigurationList = FA2CDB3529C382E400A5B937 /* Build configuration list for PBXProject "ImageFeed" */;
			compatibilityVersion = "Xcode 14.0";
			developmentRegion = en;
			hasScannedForEncodings = 0;
			knownRegions = (
				en,
				Base,
			);
			mainGroup = FA2CDB3129C382E400A5B937;
			packageReferences = (
				FAD3F22F2A000DD000697DCB /* XCRemoteSwiftPackageReference "ProgressHUD" */,
				FA63ADA72A07C1C400F26F0A /* XCRemoteSwiftPackageReference "Kingfisher" */,
				FA63ADAA2A07CA0B00F26F0A /* XCRemoteSwiftPackageReference "SwiftKeychainWrapper" */,
			);
			productRefGroup = FA2CDB3B29C382E400A5B937 /* Products */;
			projectDirPath = "";
			projectRoot = "";
			targets = (
				FA2CDB3929C382E400A5B937 /* ImageFeed */,
				FA80E4292A32382E00C6561E /* ImageFeedTests */,
				FA13AE232A3238B100A00391 /* ImageFeedTest */,
			);
		};
/* End PBXProject section */

/* Begin PBXResourcesBuildPhase section */
		FA13AE222A3238B100A00391 /* Resources */ = {
			isa = PBXResourcesBuildPhase;
			buildActionMask = 2147483647;
			files = (
			);
			runOnlyForDeploymentPostprocessing = 0;
		};
		FA2CDB3829C382E400A5B937 /* Resources */ = {
			isa = PBXResourcesBuildPhase;
			buildActionMask = 2147483647;
			files = (
				FA2CDB4A29C382E500A5B937 /* LaunchScreen.storyboard in Resources */,
				FA2CDB4729C382E500A5B937 /* Assets.xcassets in Resources */,
				FA2CDB4529C382E400A5B937 /* Main.storyboard in Resources */,
			);
			runOnlyForDeploymentPostprocessing = 0;
		};
		FA80E4282A32382E00C6561E /* Resources */ = {
			isa = PBXResourcesBuildPhase;
			buildActionMask = 2147483647;
			files = (
			);
			runOnlyForDeploymentPostprocessing = 0;
		};
/* End PBXResourcesBuildPhase section */

/* Begin PBXSourcesBuildPhase section */
		FA13AE202A3238B100A00391 /* Sources */ = {
			isa = PBXSourcesBuildPhase;
			buildActionMask = 2147483647;
			files = (
				FA13AE2E2A3238D900A00391 /* WebViewControllerSpy.swift in Sources */,
				FA13AE272A3238B100A00391 /* WebViewTests.swift in Sources */,
				FA13AE302A3238FD00A00391 /* WebViewPresenterSpy.swift in Sources */,
			);
			runOnlyForDeploymentPostprocessing = 0;
		};
		FA2CDB3629C382E400A5B937 /* Sources */ = {
			isa = PBXSourcesBuildPhase;
			buildActionMask = 2147483647;
			files = (
				FA1EB74829EF0AF00094DDD3 /* WebViewViewController.swift in Sources */,
				FA6CF8E02A2E2B6F003432C9 /* WebViewPresenter.swift in Sources */,
				FA39CC852A0509B300D69083 /* ProfileService.swift in Sources */,
				FA2CDB4229C382E400A5B937 /* ImagesListViewController.swift in Sources */,
				FA13AE352A323EEB00A00391 /* ImageListPresenter.swift in Sources */,
				FA39CC872A05184200D69083 /* URLSession.swift in Sources */,
				FA6CF8E22A2E37B9003432C9 /* AuthHelper.swift in Sources */,
				FAD87ABD2A128CE6003DEF7D /* AlertModel.swift in Sources */,
				FA3079B229CA04E900637BE5 /* ImagesListCell.swift in Sources */,
				FADA5A5929F6F3DE0070FBEC /* OAuth2Service.swift in Sources */,
				FA1260572A13F3B1003CA985 /* ImagesListService.swift in Sources */,
				FAC53E1229DB2BF30049B435 /* ProfileViewController.swift in Sources */,
				FA79895329F980B60045D700 /* SplashViewController.swift in Sources */,
				FA2CDB3E29C382E400A5B937 /* AppDelegate.swift in Sources */,
				FAEB1D3429E5C668002CCF10 /* UIExtension + Color.swift in Sources */,
				FAB022632A0BEC870092D294 /* TabBarController.swift in Sources */,
				FA061B782A01373F00814B24 /* UIBlockingProgressHUD.swift in Sources */,
				FAC53E1429DB35720049B435 /* SingleImageViewController.swift in Sources */,
				FADA5A5729F6F2280070FBEC /* OAuthTokenResponseBody.swift in Sources */,
				FA13AE332A323B2700A00391 /* ProfilePresenter.swift in Sources */,
				FA2CDB4029C382E400A5B937 /* SceneDelegate.swift in Sources */,
				FAD87ABB2A128C2D003DEF7D /* AlertPresenter.swift in Sources */,
				FA1EB74529EF066B0094DDD3 /* AuthViewController.swift in Sources */,
				FA49834A2A065DC60063A9A2 /* ProfileImageService.swift in Sources */,
				FADA5A5B29F6F4F80070FBEC /* OAuth2TokenStorage.swift in Sources */,
				FAE4587629EDA1CC00BC9304 /* AuthConfuguration.swift in Sources */,
			);
			runOnlyForDeploymentPostprocessing = 0;
		};
		FA80E4262A32382E00C6561E /* Sources */ = {
			isa = PBXSourcesBuildPhase;
			buildActionMask = 2147483647;
			files = (
			);
			runOnlyForDeploymentPostprocessing = 0;
		};
/* End PBXSourcesBuildPhase section */

/* Begin PBXTargetDependency section */
		FA13AE292A3238B100A00391 /* PBXTargetDependency */ = {
			isa = PBXTargetDependency;
			target = FA2CDB3929C382E400A5B937 /* ImageFeed */;
			targetProxy = FA13AE282A3238B100A00391 /* PBXContainerItemProxy */;
		};
		FA80E42F2A32382E00C6561E /* PBXTargetDependency */ = {
			isa = PBXTargetDependency;
			target = FA2CDB3929C382E400A5B937 /* ImageFeed */;
			targetProxy = FA80E42E2A32382E00C6561E /* PBXContainerItemProxy */;
		};
/* End PBXTargetDependency section */

/* Begin PBXVariantGroup section */
		FA2CDB4329C382E400A5B937 /* Main.storyboard */ = {
			isa = PBXVariantGroup;
			children = (
				FA2CDB4429C382E400A5B937 /* Base */,
			);
			name = Main.storyboard;
			sourceTree = "<group>";
		};
		FA2CDB4829C382E500A5B937 /* LaunchScreen.storyboard */ = {
			isa = PBXVariantGroup;
			children = (
				FA2CDB4929C382E500A5B937 /* Base */,
			);
			name = LaunchScreen.storyboard;
			sourceTree = "<group>";
		};
/* End PBXVariantGroup section */

/* Begin XCBuildConfiguration section */
		FA13AE2A2A3238B100A00391 /* Debug */ = {
			isa = XCBuildConfiguration;
			buildSettings = {
				BUNDLE_LOADER = "$(TEST_HOST)";
				CODE_SIGN_STYLE = Automatic;
				CURRENT_PROJECT_VERSION = 1;
				DEVELOPMENT_TEAM = S3TXMX6C6U;
				GENERATE_INFOPLIST_FILE = YES;
				IPHONEOS_DEPLOYMENT_TARGET = 16.4;
				MARKETING_VERSION = 1.0;
				PRODUCT_BUNDLE_IDENTIFIER = com.alexanderkarpinets.ImageFeedTest;
				PRODUCT_NAME = "$(TARGET_NAME)";
				SWIFT_EMIT_LOC_STRINGS = NO;
				SWIFT_VERSION = 5.0;
				TARGETED_DEVICE_FAMILY = "1,2";
				TEST_HOST = "$(BUILT_PRODUCTS_DIR)/ImageFeed.app/$(BUNDLE_EXECUTABLE_FOLDER_PATH)/ImageFeed";
			};
			name = Debug;
		};
		FA13AE2B2A3238B100A00391 /* Release */ = {
			isa = XCBuildConfiguration;
			buildSettings = {
				BUNDLE_LOADER = "$(TEST_HOST)";
				CODE_SIGN_STYLE = Automatic;
				CURRENT_PROJECT_VERSION = 1;
				DEVELOPMENT_TEAM = S3TXMX6C6U;
				GENERATE_INFOPLIST_FILE = YES;
				IPHONEOS_DEPLOYMENT_TARGET = 16.4;
				MARKETING_VERSION = 1.0;
				PRODUCT_BUNDLE_IDENTIFIER = com.alexanderkarpinets.ImageFeedTest;
				PRODUCT_NAME = "$(TARGET_NAME)";
				SWIFT_EMIT_LOC_STRINGS = NO;
				SWIFT_VERSION = 5.0;
				TARGETED_DEVICE_FAMILY = "1,2";
				TEST_HOST = "$(BUILT_PRODUCTS_DIR)/ImageFeed.app/$(BUNDLE_EXECUTABLE_FOLDER_PATH)/ImageFeed";
			};
			name = Release;
		};
		FA2CDB4C29C382E500A5B937 /* Debug */ = {
			isa = XCBuildConfiguration;
			buildSettings = {
				ALWAYS_SEARCH_USER_PATHS = NO;
				CLANG_ANALYZER_NONNULL = YES;
				CLANG_ANALYZER_NUMBER_OBJECT_CONVERSION = YES_AGGRESSIVE;
				CLANG_CXX_LANGUAGE_STANDARD = "gnu++20";
				CLANG_ENABLE_MODULES = YES;
				CLANG_ENABLE_OBJC_ARC = YES;
				CLANG_ENABLE_OBJC_WEAK = YES;
				CLANG_WARN_BLOCK_CAPTURE_AUTORELEASING = YES;
				CLANG_WARN_BOOL_CONVERSION = YES;
				CLANG_WARN_COMMA = YES;
				CLANG_WARN_CONSTANT_CONVERSION = YES;
				CLANG_WARN_DEPRECATED_OBJC_IMPLEMENTATIONS = YES;
				CLANG_WARN_DIRECT_OBJC_ISA_USAGE = YES_ERROR;
				CLANG_WARN_DOCUMENTATION_COMMENTS = YES;
				CLANG_WARN_EMPTY_BODY = YES;
				CLANG_WARN_ENUM_CONVERSION = YES;
				CLANG_WARN_INFINITE_RECURSION = YES;
				CLANG_WARN_INT_CONVERSION = YES;
				CLANG_WARN_NON_LITERAL_NULL_CONVERSION = YES;
				CLANG_WARN_OBJC_IMPLICIT_RETAIN_SELF = YES;
				CLANG_WARN_OBJC_LITERAL_CONVERSION = YES;
				CLANG_WARN_OBJC_ROOT_CLASS = YES_ERROR;
				CLANG_WARN_QUOTED_INCLUDE_IN_FRAMEWORK_HEADER = YES;
				CLANG_WARN_RANGE_LOOP_ANALYSIS = YES;
				CLANG_WARN_STRICT_PROTOTYPES = YES;
				CLANG_WARN_SUSPICIOUS_MOVE = YES;
				CLANG_WARN_UNGUARDED_AVAILABILITY = YES_AGGRESSIVE;
				CLANG_WARN_UNREACHABLE_CODE = YES;
				CLANG_WARN__DUPLICATE_METHOD_MATCH = YES;
				COPY_PHASE_STRIP = NO;
				DEBUG_INFORMATION_FORMAT = dwarf;
				ENABLE_STRICT_OBJC_MSGSEND = YES;
				ENABLE_TESTABILITY = YES;
				GCC_C_LANGUAGE_STANDARD = gnu11;
				GCC_DYNAMIC_NO_PIC = NO;
				GCC_NO_COMMON_BLOCKS = YES;
				GCC_OPTIMIZATION_LEVEL = 0;
				GCC_PREPROCESSOR_DEFINITIONS = (
					"DEBUG=1",
					"$(inherited)",
				);
				GCC_WARN_64_TO_32_BIT_CONVERSION = YES;
				GCC_WARN_ABOUT_RETURN_TYPE = YES_ERROR;
				GCC_WARN_UNDECLARED_SELECTOR = YES;
				GCC_WARN_UNINITIALIZED_AUTOS = YES_AGGRESSIVE;
				GCC_WARN_UNUSED_FUNCTION = YES;
				GCC_WARN_UNUSED_VARIABLE = YES;
				IPHONEOS_DEPLOYMENT_TARGET = 16.2;
				MTL_ENABLE_DEBUG_INFO = INCLUDE_SOURCE;
				MTL_FAST_MATH = YES;
				ONLY_ACTIVE_ARCH = YES;
				SDKROOT = iphoneos;
				SWIFT_ACTIVE_COMPILATION_CONDITIONS = DEBUG;
				SWIFT_OPTIMIZATION_LEVEL = "-Onone";
			};
			name = Debug;
		};
		FA2CDB4D29C382E500A5B937 /* Release */ = {
			isa = XCBuildConfiguration;
			buildSettings = {
				ALWAYS_SEARCH_USER_PATHS = NO;
				CLANG_ANALYZER_NONNULL = YES;
				CLANG_ANALYZER_NUMBER_OBJECT_CONVERSION = YES_AGGRESSIVE;
				CLANG_CXX_LANGUAGE_STANDARD = "gnu++20";
				CLANG_ENABLE_MODULES = YES;
				CLANG_ENABLE_OBJC_ARC = YES;
				CLANG_ENABLE_OBJC_WEAK = YES;
				CLANG_WARN_BLOCK_CAPTURE_AUTORELEASING = YES;
				CLANG_WARN_BOOL_CONVERSION = YES;
				CLANG_WARN_COMMA = YES;
				CLANG_WARN_CONSTANT_CONVERSION = YES;
				CLANG_WARN_DEPRECATED_OBJC_IMPLEMENTATIONS = YES;
				CLANG_WARN_DIRECT_OBJC_ISA_USAGE = YES_ERROR;
				CLANG_WARN_DOCUMENTATION_COMMENTS = YES;
				CLANG_WARN_EMPTY_BODY = YES;
				CLANG_WARN_ENUM_CONVERSION = YES;
				CLANG_WARN_INFINITE_RECURSION = YES;
				CLANG_WARN_INT_CONVERSION = YES;
				CLANG_WARN_NON_LITERAL_NULL_CONVERSION = YES;
				CLANG_WARN_OBJC_IMPLICIT_RETAIN_SELF = YES;
				CLANG_WARN_OBJC_LITERAL_CONVERSION = YES;
				CLANG_WARN_OBJC_ROOT_CLASS = YES_ERROR;
				CLANG_WARN_QUOTED_INCLUDE_IN_FRAMEWORK_HEADER = YES;
				CLANG_WARN_RANGE_LOOP_ANALYSIS = YES;
				CLANG_WARN_STRICT_PROTOTYPES = YES;
				CLANG_WARN_SUSPICIOUS_MOVE = YES;
				CLANG_WARN_UNGUARDED_AVAILABILITY = YES_AGGRESSIVE;
				CLANG_WARN_UNREACHABLE_CODE = YES;
				CLANG_WARN__DUPLICATE_METHOD_MATCH = YES;
				COPY_PHASE_STRIP = NO;
				DEBUG_INFORMATION_FORMAT = "dwarf-with-dsym";
				ENABLE_NS_ASSERTIONS = NO;
				ENABLE_STRICT_OBJC_MSGSEND = YES;
				GCC_C_LANGUAGE_STANDARD = gnu11;
				GCC_NO_COMMON_BLOCKS = YES;
				GCC_WARN_64_TO_32_BIT_CONVERSION = YES;
				GCC_WARN_ABOUT_RETURN_TYPE = YES_ERROR;
				GCC_WARN_UNDECLARED_SELECTOR = YES;
				GCC_WARN_UNINITIALIZED_AUTOS = YES_AGGRESSIVE;
				GCC_WARN_UNUSED_FUNCTION = YES;
				GCC_WARN_UNUSED_VARIABLE = YES;
				IPHONEOS_DEPLOYMENT_TARGET = 16.2;
				MTL_ENABLE_DEBUG_INFO = NO;
				MTL_FAST_MATH = YES;
				SDKROOT = iphoneos;
				SWIFT_COMPILATION_MODE = wholemodule;
				SWIFT_OPTIMIZATION_LEVEL = "-O";
				VALIDATE_PRODUCT = YES;
			};
			name = Release;
		};
		FA2CDB4F29C382E500A5B937 /* Debug */ = {
			isa = XCBuildConfiguration;
			buildSettings = {
				ASSETCATALOG_COMPILER_APPICON_NAME = AppIcon;
				ASSETCATALOG_COMPILER_GLOBAL_ACCENT_COLOR_NAME = AccentColor;
				CODE_SIGN_STYLE = Automatic;
				CURRENT_PROJECT_VERSION = 1;
				DEVELOPMENT_TEAM = S3TXMX6C6U;
				GENERATE_INFOPLIST_FILE = YES;
				INFOPLIST_FILE = ImageFeed/Info.plist;
				INFOPLIST_KEY_UIApplicationSupportsIndirectInputEvents = YES;
				INFOPLIST_KEY_UILaunchStoryboardName = LaunchScreen;
				INFOPLIST_KEY_UIMainStoryboardFile = Main;
				INFOPLIST_KEY_UISupportedInterfaceOrientations = UIInterfaceOrientationPortrait;
				IPHONEOS_DEPLOYMENT_TARGET = 13.0;
				LD_RUNPATH_SEARCH_PATHS = (
					"$(inherited)",
					"@executable_path/Frameworks",
				);
				MARKETING_VERSION = 1.0;
				PRODUCT_BUNDLE_IDENTIFIER = com.alexanderkarpinets.ImageFeed;
				PRODUCT_NAME = "$(TARGET_NAME)";
				SUPPORTED_PLATFORMS = "iphoneos iphonesimulator";
				SUPPORTS_MACCATALYST = NO;
				SUPPORTS_MAC_DESIGNED_FOR_IPHONE_IPAD = NO;
				SWIFT_EMIT_LOC_STRINGS = YES;
				SWIFT_VERSION = 5.0;
				TARGETED_DEVICE_FAMILY = 1;
			};
			name = Debug;
		};
		FA2CDB5029C382E500A5B937 /* Release */ = {
			isa = XCBuildConfiguration;
			buildSettings = {
				ASSETCATALOG_COMPILER_APPICON_NAME = AppIcon;
				ASSETCATALOG_COMPILER_GLOBAL_ACCENT_COLOR_NAME = AccentColor;
				CODE_SIGN_STYLE = Automatic;
				CURRENT_PROJECT_VERSION = 1;
				DEVELOPMENT_TEAM = S3TXMX6C6U;
				GENERATE_INFOPLIST_FILE = YES;
				INFOPLIST_FILE = ImageFeed/Info.plist;
				INFOPLIST_KEY_UIApplicationSupportsIndirectInputEvents = YES;
				INFOPLIST_KEY_UILaunchStoryboardName = LaunchScreen;
				INFOPLIST_KEY_UIMainStoryboardFile = Main;
				INFOPLIST_KEY_UISupportedInterfaceOrientations = UIInterfaceOrientationPortrait;
				IPHONEOS_DEPLOYMENT_TARGET = 13.0;
				LD_RUNPATH_SEARCH_PATHS = (
					"$(inherited)",
					"@executable_path/Frameworks",
				);
				MARKETING_VERSION = 1.0;
				PRODUCT_BUNDLE_IDENTIFIER = com.alexanderkarpinets.ImageFeed;
				PRODUCT_NAME = "$(TARGET_NAME)";
				SUPPORTED_PLATFORMS = "iphoneos iphonesimulator";
				SUPPORTS_MACCATALYST = NO;
				SUPPORTS_MAC_DESIGNED_FOR_IPHONE_IPAD = NO;
				SWIFT_EMIT_LOC_STRINGS = YES;
				SWIFT_VERSION = 5.0;
				TARGETED_DEVICE_FAMILY = 1;
			};
			name = Release;
		};
		FA80E4302A32382E00C6561E /* Debug */ = {
			isa = XCBuildConfiguration;
			buildSettings = {
				BUNDLE_LOADER = "$(TEST_HOST)";
				CODE_SIGN_STYLE = Automatic;
				CURRENT_PROJECT_VERSION = 1;
				DEVELOPMENT_TEAM = S3TXMX6C6U;
				GENERATE_INFOPLIST_FILE = YES;
				IPHONEOS_DEPLOYMENT_TARGET = 16.4;
				MARKETING_VERSION = 1.0;
				PRODUCT_BUNDLE_IDENTIFIER = com.alexanderkarpinets.ImageFeedTests;
				PRODUCT_NAME = "$(TARGET_NAME)";
				SWIFT_EMIT_LOC_STRINGS = NO;
				SWIFT_VERSION = 5.0;
				TARGETED_DEVICE_FAMILY = "1,2";
				TEST_HOST = "$(BUILT_PRODUCTS_DIR)/ImageFeed.app/$(BUNDLE_EXECUTABLE_FOLDER_PATH)/ImageFeed";
			};
			name = Debug;
		};
		FA80E4312A32382E00C6561E /* Release */ = {
			isa = XCBuildConfiguration;
			buildSettings = {
				BUNDLE_LOADER = "$(TEST_HOST)";
				CODE_SIGN_STYLE = Automatic;
				CURRENT_PROJECT_VERSION = 1;
				DEVELOPMENT_TEAM = S3TXMX6C6U;
				GENERATE_INFOPLIST_FILE = YES;
				IPHONEOS_DEPLOYMENT_TARGET = 16.4;
				MARKETING_VERSION = 1.0;
				PRODUCT_BUNDLE_IDENTIFIER = com.alexanderkarpinets.ImageFeedTests;
				PRODUCT_NAME = "$(TARGET_NAME)";
				SWIFT_EMIT_LOC_STRINGS = NO;
				SWIFT_VERSION = 5.0;
				TARGETED_DEVICE_FAMILY = "1,2";
				TEST_HOST = "$(BUILT_PRODUCTS_DIR)/ImageFeed.app/$(BUNDLE_EXECUTABLE_FOLDER_PATH)/ImageFeed";
			};
			name = Release;
		};
/* End XCBuildConfiguration section */

/* Begin XCConfigurationList section */
		FA13AE2C2A3238B100A00391 /* Build configuration list for PBXNativeTarget "ImageFeedTest" */ = {
			isa = XCConfigurationList;
			buildConfigurations = (
				FA13AE2A2A3238B100A00391 /* Debug */,
				FA13AE2B2A3238B100A00391 /* Release */,
			);
			defaultConfigurationIsVisible = 0;
			defaultConfigurationName = Release;
		};
		FA2CDB3529C382E400A5B937 /* Build configuration list for PBXProject "ImageFeed" */ = {
			isa = XCConfigurationList;
			buildConfigurations = (
				FA2CDB4C29C382E500A5B937 /* Debug */,
				FA2CDB4D29C382E500A5B937 /* Release */,
			);
			defaultConfigurationIsVisible = 0;
			defaultConfigurationName = Release;
		};
		FA2CDB4E29C382E500A5B937 /* Build configuration list for PBXNativeTarget "ImageFeed" */ = {
			isa = XCConfigurationList;
			buildConfigurations = (
				FA2CDB4F29C382E500A5B937 /* Debug */,
				FA2CDB5029C382E500A5B937 /* Release */,
			);
			defaultConfigurationIsVisible = 0;
			defaultConfigurationName = Release;
		};
		FA80E4322A32382E00C6561E /* Build configuration list for PBXNativeTarget "ImageFeedTests" */ = {
			isa = XCConfigurationList;
			buildConfigurations = (
				FA80E4302A32382E00C6561E /* Debug */,
				FA80E4312A32382E00C6561E /* Release */,
			);
			defaultConfigurationIsVisible = 0;
			defaultConfigurationName = Release;
		};
/* End XCConfigurationList section */

/* Begin XCRemoteSwiftPackageReference section */
		FA63ADA72A07C1C400F26F0A /* XCRemoteSwiftPackageReference "Kingfisher" */ = {
			isa = XCRemoteSwiftPackageReference;
			repositoryURL = "https://github.com/onevcat/Kingfisher";
			requirement = {
				kind = upToNextMajorVersion;
				minimumVersion = 7.0.0;
			};
		};
		FA63ADAA2A07CA0B00F26F0A /* XCRemoteSwiftPackageReference "SwiftKeychainWrapper" */ = {
			isa = XCRemoteSwiftPackageReference;
			repositoryURL = "https://github.com/jrendel/SwiftKeychainWrapper";
			requirement = {
				kind = upToNextMajorVersion;
				minimumVersion = 4.0.0;
			};
		};
		FAD3F22F2A000DD000697DCB /* XCRemoteSwiftPackageReference "ProgressHUD" */ = {
			isa = XCRemoteSwiftPackageReference;
			repositoryURL = "https://github.com/relatedcode/ProgressHUD";
			requirement = {
				kind = upToNextMajorVersion;
				minimumVersion = 13.0.0;
			};
		};
/* End XCRemoteSwiftPackageReference section */

/* Begin XCSwiftPackageProductDependency section */
		FA63ADA82A07C1C400F26F0A /* Kingfisher */ = {
			isa = XCSwiftPackageProductDependency;
			package = FA63ADA72A07C1C400F26F0A /* XCRemoteSwiftPackageReference "Kingfisher" */;
			productName = Kingfisher;
		};
		FA63ADAB2A07CA0B00F26F0A /* SwiftKeychainWrapper */ = {
			isa = XCSwiftPackageProductDependency;
			package = FA63ADAA2A07CA0B00F26F0A /* XCRemoteSwiftPackageReference "SwiftKeychainWrapper" */;
			productName = SwiftKeychainWrapper;
		};
		FAD3F2302A000DD000697DCB /* ProgressHUD */ = {
			isa = XCSwiftPackageProductDependency;
			package = FAD3F22F2A000DD000697DCB /* XCRemoteSwiftPackageReference "ProgressHUD" */;
			productName = ProgressHUD;
		};
/* End XCSwiftPackageProductDependency section */
	};
	rootObject = FA2CDB3229C382E400A5B937 /* Project object */;
}
